
Microsoft Visual Studio Solution File, Format Version 12.00
# Visual Studio 14
VisualStudioVersion = 14.0.25123.0
MinimumVisualStudioVersion = 10.0.40219.1
Project("{FAE04EC0-301F-11D3-BF4B-00C04F79EFBC}") = "CMPE1600_Lab5", "CMPE1600_Lab5.csproj", "{C8187319-6237-4A1D-A6CD-F2C39CA3A78D}"
EndProject
Global
	GlobalSection(SolutionConfigurationPlatforms) = preSolution
		Debug|Any CPU = Debug|Any CPU
		Release|Any CPU = Release|Any CPU
	EndGlobalSection
	GlobalSection(ProjectConfigurationPlatforms) = postSolution
		{C8187319-6237-4A1D-A6CD-F2C39CA3A78D}.Debug|Any CPU.ActiveCfg = Debug|Any CPU
		{C8187319-6237-4A1D-A6CD-F2C39CA3A78D}.Debug|Any CPU.Build.0 = Debug|Any CPU
		{C8187319-6237-4A1D-A6CD-F2C39CA3A78D}.Release|Any CPU.ActiveCfg = Release|Any CPU
		{C8187319-6237-4A1D-A6CD-F2C39CA3A78D}.Release|Any CPU.Build.0 = Release|Any CPU
	EndGlobalSection
	GlobalSection(SolutionProperties) = preSolution
		HideSolutionNode = FALSE
	EndGlobalSection
EndGlobal
